{
  "name": "phaser-notes",
  "version": "1.0.0",
  "lockfileVersion": 1,
  "requires": true,
  "dependencies": {
    "eventemitter3": {
      "version": "3.1.0",
      "resolved": "https://registry.npmjs.org/eventemitter3/-/eventemitter3-3.1.0.tgz",
      "integrity": "sha512-ivIvhpq/Y0uSjcHDcOIccjmYjGLcP09MFGE7ysAwkAvkXfpZlC985pH2/ui64DKazbTW/4kN3yqozUxlXzI6cA=="
    },
    "phaser": {
      "version": "3.14.0",
      "resolved": "https://registry.npmjs.org/phaser/-/phaser-3.14.0.tgz",
      "integrity": "sha512-U3vnzq6wOsCWHRaQ6Stdesic9CZUlanl9oAAmDvcx12QWLFZW4L/eT2QJ/pVCOSgayVdrhXpVU/J7pdLTOWwTQ==",
      "requires": {
        "eventemitter3": "^3.1.0"
      }
    }
  }
}
